
Microsoft Visual Studio Solution File, Format Version 12.00
# Visual Studio Version 17
VisualStudioVersion = 17.2.32616.157
MinimumVisualStudioVersion = 10.0.40219.1
Project("{888888A0-9F3D-457C-B088-3A5042F75D52}") = "Other question", "Other question\Other question.pyproj", "{91CFB62C-062E-4912-A6E8-2C080A6FAF59}"
EndProject
Project("{888888A0-9F3D-457C-B088-3A5042F75D52}") = "piecewise linear function", "piecewise linear function\piecewise linear function.pyproj", "{FA575D01-4E7F-4D8D-AEA5-30BD15DCEA06}"
EndProject
Project("{888888A0-9F3D-457C-B088-3A5042F75D52}") = "modify_list", "modify_list\modify_list.pyproj", "{11B566E9-89EA-4C40-B51F-52DD8EA79469}"
EndProject
Global
	GlobalSection(SolutionConfigurationPlatforms) = preSolution
		Debug|Any CPU = Debug|Any CPU
		Release|Any CPU = Release|Any CPU
	EndGlobalSection
	GlobalSection(ProjectConfigurationPlatforms) = postSolution
		{91CFB62C-062E-4912-A6E8-2C080A6FAF59}.Debug|Any CPU.ActiveCfg = Debug|Any CPU
		{91CFB62C-062E-4912-A6E8-2C080A6FAF59}.Release|Any CPU.ActiveCfg = Release|Any CPU
		{FA575D01-4E7F-4D8D-AEA5-30BD15DCEA06}.Debug|Any CPU.ActiveCfg = Debug|Any CPU
		{FA575D01-4E7F-4D8D-AEA5-30BD15DCEA06}.Release|Any CPU.ActiveCfg = Release|Any CPU
		{11B566E9-89EA-4C40-B51F-52DD8EA79469}.Debug|Any CPU.ActiveCfg = Debug|Any CPU
		{11B566E9-89EA-4C40-B51F-52DD8EA79469}.Release|Any CPU.ActiveCfg = Release|Any CPU
	EndGlobalSection
	GlobalSection(SolutionProperties) = preSolution
		HideSolutionNode = FALSE
	EndGlobalSection
	GlobalSection(ExtensibilityGlobals) = postSolution
		SolutionGuid = {989729EE-4660-425D-8E5D-DD8B68984D77}
	EndGlobalSection
EndGlobal
