
Microsoft Visual Studio Solution File, Format Version 12.00
# Visual Studio Version 17
VisualStudioVersion = 17.2.32616.157
MinimumVisualStudioVersion = 10.0.40219.1
Project("{888888A0-9F3D-457C-B088-3A5042F75D52}") = "Homework_5", "Homework_5\Homework_5.pyproj", "{ECE62E15-FE6E-4755-AAB2-C51061F0011E}"
EndProject
Global
	GlobalSection(SolutionConfigurationPlatforms) = preSolution
		Debug|Any CPU = Debug|Any CPU
		Release|Any CPU = Release|Any CPU
	EndGlobalSection
	GlobalSection(ProjectConfigurationPlatforms) = postSolution
		{ECE62E15-FE6E-4755-AAB2-C51061F0011E}.Debug|Any CPU.ActiveCfg = Debug|Any CPU
		{ECE62E15-FE6E-4755-AAB2-C51061F0011E}.Release|Any CPU.ActiveCfg = Release|Any CPU
	EndGlobalSection
	GlobalSection(SolutionProperties) = preSolution
		HideSolutionNode = FALSE
	EndGlobalSection
	GlobalSection(ExtensibilityGlobals) = postSolution
		SolutionGuid = {1AE3BF70-E9BF-48D1-8798-7875A28CDA51}
	EndGlobalSection
EndGlobal
